
Microsoft Visual Studio Solution File, Format Version 12.00
# Visual Studio Version 17
VisualStudioVersion = 17.2.32630.192
MinimumVisualStudioVersion = 10.0.40219.1
Project("{FAE04EC0-301F-11D3-BF4B-00C04F79EFBC}") = "WebApp", "WebApp\WebApp.csproj", "{FFCDBC76-127D-49DE-A647-7777D1D7B567}"
EndProject
Global
	GlobalSection(SolutionConfigurationPlatforms) = preSolution
		Debug|Any CPU = Debug|Any CPU
		Release|Any CPU = Release|Any CPU
	EndGlobalSection
	GlobalSection(ProjectConfigurationPlatforms) = postSolution
		{FFCDBC76-127D-49DE-A647-7777D1D7B567}.Debug|Any CPU.ActiveCfg = Debug|Any CPU
		{FFCDBC76-127D-49DE-A647-7777D1D7B567}.Debug|Any CPU.Build.0 = Debug|Any CPU
		{FFCDBC76-127D-49DE-A647-7777D1D7B567}.Release|Any CPU.ActiveCfg = Release|Any CPU
		{FFCDBC76-127D-49DE-A647-7777D1D7B567}.Release|Any CPU.Build.0 = Release|Any CPU
	EndGlobalSection
	GlobalSection(SolutionProperties) = preSolution
		HideSolutionNode = FALSE
	EndGlobalSection
	GlobalSection(ExtensibilityGlobals) = postSolution
		SolutionGuid = {79C07BA6-FDFB-4E5A-9D83-2695A8BDDFFC}
	EndGlobalSection
EndGlobal
